
Microsoft Visual Studio Solution File, Format Version 12.00
# Visual Studio 15
VisualStudioVersion = 15.0.27703.2035
MinimumVisualStudioVersion = 10.0.40219.1
Project("{9A19103F-16F7-4668-BE54-9A1E7A4F7556}") = "Schaad.Finance.Api", "Schaad.Finance.Api\Schaad.Finance.Api.csproj", "{C5845C75-0772-4819-B0DB-D57B5AF8921D}"
EndProject
Project("{9A19103F-16F7-4668-BE54-9A1E7A4F7556}") = "Schaad.Finance", "Schaad.Finance\Schaad.Finance.csproj", "{4BCEDAF9-FE9B-49D2-9CAF-A7B06B4FF521}"
EndProject
Project("{FAE04EC0-301F-11D3-BF4B-00C04F79EFBC}") = "Schaad.Finance.Tests", "Schaad.Finance.Tests\Schaad.Finance.Tests.csproj", "{C3A9FC28-9CF7-4775-90B7-B9F29DC299FD}"
EndProject
Global
	GlobalSection(SolutionConfigurationPlatforms) = preSolution
		Debug|Any CPU = Debug|Any CPU
		Release|Any CPU = Release|Any CPU
	EndGlobalSection
	GlobalSection(ProjectConfigurationPlatforms) = postSolution
		{C5845C75-0772-4819-B0DB-D57B5AF8921D}.Debug|Any CPU.ActiveCfg = Debug|Any CPU
		{C5845C75-0772-4819-B0DB-D57B5AF8921D}.Debug|Any CPU.Build.0 = Debug|Any CPU
		{C5845C75-0772-4819-B0DB-D57B5AF8921D}.Release|Any CPU.ActiveCfg = Release|Any CPU
		{C5845C75-0772-4819-B0DB-D57B5AF8921D}.Release|Any CPU.Build.0 = Release|Any CPU
		{4BCEDAF9-FE9B-49D2-9CAF-A7B06B4FF521}.Debug|Any CPU.ActiveCfg = Debug|Any CPU
		{4BCEDAF9-FE9B-49D2-9CAF-A7B06B4FF521}.Debug|Any CPU.Build.0 = Debug|Any CPU
		{4BCEDAF9-FE9B-49D2-9CAF-A7B06B4FF521}.Release|Any CPU.ActiveCfg = Release|Any CPU
		{4BCEDAF9-FE9B-49D2-9CAF-A7B06B4FF521}.Release|Any CPU.Build.0 = Release|Any CPU
		{C3A9FC28-9CF7-4775-90B7-B9F29DC299FD}.Debug|Any CPU.ActiveCfg = Debug|Any CPU
		{C3A9FC28-9CF7-4775-90B7-B9F29DC299FD}.Debug|Any CPU.Build.0 = Debug|Any CPU
		{C3A9FC28-9CF7-4775-90B7-B9F29DC299FD}.Release|Any CPU.ActiveCfg = Release|Any CPU
		{C3A9FC28-9CF7-4775-90B7-B9F29DC299FD}.Release|Any CPU.Build.0 = Release|Any CPU
	EndGlobalSection
	GlobalSection(SolutionProperties) = preSolution
		HideSolutionNode = FALSE
	EndGlobalSection
	GlobalSection(ExtensibilityGlobals) = postSolution
		SolutionGuid = {38CCE775-5C10-4F00-BA79-EB86BE0BB2B5}
	EndGlobalSection
EndGlobal
